
Microsoft Visual Studio Solution File, Format Version 12.00
# Visual Studio Version 16
VisualStudioVersion = 16.0.33027.164
MinimumVisualStudioVersion = 10.0.40219.1
Project("{FAE04EC0-301F-11D3-BF4B-00C04F79EFBC}") = "WpfApp", "WpfApp\WpfApp.csproj", "{BC41CE4C-3FEE-4362-B210-6B944D3D4114}"
EndProject
Project("{FAE04EC0-301F-11D3-BF4B-00C04F79EFBC}") = "Api", "Api\Api.csproj", "{31B66672-C4DF-4CC7-A74B-00822BF2487D}"
EndProject
Global
	GlobalSection(SolutionConfigurationPlatforms) = preSolution
		Debug|Any CPU = Debug|Any CPU
		Release|Any CPU = Release|Any CPU
	EndGlobalSection
	GlobalSection(ProjectConfigurationPlatforms) = postSolution
		{BC41CE4C-3FEE-4362-B210-6B944D3D4114}.Debug|Any CPU.ActiveCfg = Debug|Any CPU
		{BC41CE4C-3FEE-4362-B210-6B944D3D4114}.Debug|Any CPU.Build.0 = Debug|Any CPU
		{BC41CE4C-3FEE-4362-B210-6B944D3D4114}.Release|Any CPU.ActiveCfg = Release|Any CPU
		{BC41CE4C-3FEE-4362-B210-6B944D3D4114}.Release|Any CPU.Build.0 = Release|Any CPU
		{31B66672-C4DF-4CC7-A74B-00822BF2487D}.Debug|Any CPU.ActiveCfg = Debug|Any CPU
		{31B66672-C4DF-4CC7-A74B-00822BF2487D}.Debug|Any CPU.Build.0 = Debug|Any CPU
		{31B66672-C4DF-4CC7-A74B-00822BF2487D}.Release|Any CPU.ActiveCfg = Release|Any CPU
		{31B66672-C4DF-4CC7-A74B-00822BF2487D}.Release|Any CPU.Build.0 = Release|Any CPU
	EndGlobalSection
	GlobalSection(SolutionProperties) = preSolution
		HideSolutionNode = FALSE
	EndGlobalSection
	GlobalSection(ExtensibilityGlobals) = postSolution
		SolutionGuid = {B0F69E61-A368-44C0-B8D4-A835CC546A22}
	EndGlobalSection
EndGlobal
